lockfileVersion: '6.0'

settings:
  autoInstallPeers: true
  excludeLinksFromLockfile: false

dependencies:
  '@rushstack/rush-sdk':
    specifier: 5.100.2
    version: 5.100.2
  concurrently:
    specifier: ^8.2.2
    version: 8.2.2

packages:

  /@babel/runtime@7.26.0:
    resolution: {integrity: sha512-FDSOghenHTiToteC/QRlv2q3DhPZ/oOXTBoirfWNx1Cx3TMVcGWQtMMmQcSvb/JjpNeGzx8Pq/b4fKEJuWm1sw==}
    engines: {node: '>=6.9.0'}
    dependencies:
      regenerator-runtime: 0.14.1
    dev: false

  /@rushstack/node-core-library@3.59.6:
    resolution: {integrity: sha512-bMYJwNFfWXRNUuHnsE9wMlW/mOB4jIwSUkRKtu02CwZhQdmzMsUbxE0s1xOLwTpNIwlzfW/YT7OnOHgDffLgYg==}
    peerDependencies:
      '@types/node': '*'
    peerDependenciesMeta:
      '@types/node':
        optional: true
    dependencies:
      colors: 1.2.5
      fs-extra: 7.0.1
      import-lazy: 4.0.0
      jju: 1.4.0
      resolve: 1.22.9
      semver: 7.5.4
      z-schema: 5.0.5
    dev: false

  /@rushstack/rush-sdk@5.100.2:
    resolution: {integrity: sha512-+4DKbXj6R8vilRYswH8Lb+WIuIoD29/ZjMmazKBKXJTm3x7sgGJy45ozAZbfeXvdOTzqsg11NzIbwaDm8rRhLQ==}
    dependencies:
      '@rushstack/node-core-library': 3.59.6
      '@types/node-fetch': 2.6.2
      tapable: 2.2.1
    transitivePeerDependencies:
      - '@types/node'
    dev: false

  /@types/node-fetch@2.6.2:
    resolution: {integrity: sha512-DHqhlq5jeESLy19TYhLakJ07kNumXWjcDdxXsLUMJZ6ue8VZJj4kLPQVE/2mdHh3xZziNF1xppu5lwmS53HR+A==}
    dependencies:
      '@types/node': 22.10.2
      form-data: 3.0.2
    dev: false

  /@types/node@22.10.2:
    resolution: {integrity: sha512-Xxr6BBRCAOQixvonOye19wnzyDiUtTeqldOOmj3CkeblonbccA12PFwlufvRdrpjXxqnmUaeiU5EOA+7s5diUQ==}
    dependencies:
      undici-types: 6.20.0
    dev: false

  /ansi-regex@5.0.1:
    resolution: {integrity: sha512-quJQXlTSUGL2LH9SUXo8VwsY4soanhgo6LNSm84E1LBcE8s3O0wpdiRzyR9z/ZZJMlMWv37qOOb9pdJlMUEKFQ==}
    engines: {node: '>=8'}
    dev: false

  /ansi-styles@4.3.0:
    resolution: {integrity: sha512-zbB9rCJAT1rbjiVDb2hqKFHNYLxgtk8NURxZ3IZwD3F6NtxbXZQCnnSi1Lkx+IDohdPlFp222wVALIheZJQSEg==}
    engines: {node: '>=8'}
    dependencies:
      color-convert: 2.0.1
    dev: false

  /asynckit@0.4.0:
    resolution: {integrity: sha512-Oei9OH4tRh0YqU3GxhX79dM/mwVgvbZJaSNaRk+bshkj0S5cfHcgYakreBjrHwatXKbz+IoIdYLxrKim2MjW0Q==}
    dev: false

  /chalk@4.1.2:
    resolution: {integrity: sha512-oKnbhFyRIXpUuez8iBMmyEa4nbj4IOQyuhc/wy9kY7/WVPcwIO9VA668Pu8RkO7+0G76SLROeyw9CpQ061i4mA==}
    engines: {node: '>=10'}
    dependencies:
      ansi-styles: 4.3.0
      supports-color: 7.2.0
    dev: false

  /cliui@8.0.1:
    resolution: {integrity: sha512-BSeNnyus75C4//NQ9gQt1/csTXyo/8Sb+afLAkzAptFuMsod9HFokGNudZpi/oQV73hnVK+sR+5PVRMd+Dr7YQ==}
    engines: {node: '>=12'}
    dependencies:
      string-width: 4.2.3
      strip-ansi: 6.0.1
      wrap-ansi: 7.0.0
    dev: false

  /color-convert@2.0.1:
    resolution: {integrity: sha512-RRECPsj7iu/xb5oKYcsFHSppFNnsj/52OVTRKb4zP5onXwVF3zVmmToNcOfGC+CRDpfK/U584fMg38ZHCaElKQ==}
    engines: {node: '>=7.0.0'}
    dependencies:
      color-name: 1.1.4
    dev: false

  /color-name@1.1.4:
    resolution: {integrity: sha512-dOy+3AuW3a2wNbZHIuMZpTcgjGuLU/uBL/ubcZF9OXbDo8ff4O8yVp5Bf0efS8uEoYo5q4Fx7dY9OgQGXgAsQA==}
    dev: false

  /colors@1.2.5:
    resolution: {integrity: sha512-erNRLao/Y3Fv54qUa0LBB+//Uf3YwMUmdJinN20yMXm9zdKKqH9wt7R9IIVZ+K7ShzfpLV/Zg8+VyrBJYB4lpg==}
    engines: {node: '>=0.1.90'}
    dev: false

  /combined-stream@1.0.8:
    resolution: {integrity: sha512-FQN4MRfuJeHf7cBbBMJFXhKSDq+2kAArBlmRBvcvFE5BB1HZKXtSFASDhdlz9zOYwxh8lDdnvmMOe/+5cdoEdg==}
    engines: {node: '>= 0.8'}
    dependencies:
      delayed-stream: 1.0.0
    dev: false

  /commander@9.5.0:
    resolution: {integrity: sha512-KRs7WVDKg86PWiuAqhDrAQnTXZKraVcCc6vFdL14qrZ/DcWwuRo7VoiYXalXO7S5GKpqYiVEwCbgFDfxNHKJBQ==}
    engines: {node: ^12.20.0 || >=14}
    requiresBuild: true
    dev: false
    optional: true

  /concurrently@8.2.2:
    resolution: {integrity: sha512-1dP4gpXFhei8IOtlXRE/T/4H88ElHgTiUzh71YUmtjTEHMSRS2Z/fgOxHSxxusGHogsRfxNq1vyAwxSC+EVyDg==}
    engines: {node: ^14.13.0 || >=16.0.0}
    hasBin: true
    dependencies:
      chalk: 4.1.2
      date-fns: 2.30.0
      lodash: 4.17.21
      rxjs: 7.8.1
      shell-quote: 1.8.2
      spawn-command: 0.0.2
      supports-color: 8.1.1
      tree-kill: 1.2.2
      yargs: 17.7.2
    dev: false

  /date-fns@2.30.0:
    resolution: {integrity: sha512-fnULvOpxnC5/Vg3NCiWelDsLiUc9bRwAPs/+LfTLNvetFCtCTN+yQz15C/fs4AwX1R9K5GLtLfn8QW+dWisaAw==}
    engines: {node: '>=0.11'}
    dependencies:
      '@babel/runtime': 7.26.0
    dev: false

  /delayed-stream@1.0.0:
    resolution: {integrity: sha512-ZySD7Nf91aLB0RxL4KGrKHBXl7Eds1DAmEdcoVawXnLD7SDhpNgtuII2aAkg7a7QS41jxPSZ17p4VdGnMHk3MQ==}
    engines: {node: '>=0.4.0'}
    dev: false

  /emoji-regex@8.0.0:
    resolution: {integrity: sha512-MSjYzcWNOA0ewAHpz0MxpYFvwg6yjy1NG3xteoqz644VCo/RPgnr1/GGt+ic3iJTzQ8Eu3TdM14SawnVUmGE6A==}
    dev: false

  /escalade@3.2.0:
    resolution: {integrity: sha512-WUj2qlxaQtO4g6Pq5c29GTcWGDyd8itL8zTlipgECz3JesAiiOKotd8JU6otB3PACgG6xkJUyVhboMS+bje/jA==}
    engines: {node: '>=6'}
    dev: false

  /form-data@3.0.2:
    resolution: {integrity: sha512-sJe+TQb2vIaIyO783qN6BlMYWMw3WBOHA1Ay2qxsnjuafEOQFJ2JakedOQirT6D5XPRxDvS7AHYyem9fTpb4LQ==}
    engines: {node: '>= 6'}
    dependencies:
      asynckit: 0.4.0
      combined-stream: 1.0.8
      mime-types: 2.1.35
    dev: false

  /fs-extra@7.0.1:
    resolution: {integrity: sha512-YJDaCJZEnBmcbw13fvdAM9AwNOJwOzrE4pqMqBq5nFiEqXUqHwlK4B+3pUw6JNvfSPtX05xFHtYy/1ni01eGCw==}
    engines: {node: '>=6 <7 || >=8'}
    dependencies:
      graceful-fs: 4.2.11
      jsonfile: 4.0.0
      universalify: 0.1.2
    dev: false

  /function-bind@1.1.2:
    resolution: {integrity: sha512-7XHNxH7qX9xG5mIwxkhumTox/MIRNcOgDrxWsMt2pAr23WHp6MrRlN7FBSFpCpr+oVO0F744iUgR82nJMfG2SA==}
    dev: false

  /get-caller-file@2.0.5:
    resolution: {integrity: sha512-DyFP3BM/3YHTQOCUL/w0OZHR0lpKeGrxotcHWcqNEdnltqFwXVfhEBQ94eIo34AfQpo0rGki4cyIiftY06h2Fg==}
    engines: {node: 6.* || 8.* || >= 10.*}
    dev: false

  /graceful-fs@4.2.11:
    resolution: {integrity: sha512-RbJ5/jmFcNNCcDV5o9eTnBLJ/HszWV0P73bc+Ff4nS/rJj+YaS6IGyiOL0VoBYX+l1Wrl3k63h/KrH+nhJ0XvQ==}
    dev: false

  /has-flag@4.0.0:
    resolution: {integrity: sha512-EykJT/Q1KjTWctppgIAgfSO0tKVuZUjhgMr17kqTumMl6Afv3EISleU7qZUzoXDFTAHTDC4NOoG/ZxU3EvlMPQ==}
    engines: {node: '>=8'}
    dev: false

  /hasown@2.0.2:
    resolution: {integrity: sha512-0hJU9SCPvmMzIBdZFqNPXWa6dqh7WdH0cII9y+CyS8rG3nL48Bclra9HmKhVVUHyPWNH5Y7xDwAB7bfgSjkUMQ==}
    engines: {node: '>= 0.4'}
    dependencies:
      function-bind: 1.1.2
    dev: false

  /import-lazy@4.0.0:
    resolution: {integrity: sha512-rKtvo6a868b5Hu3heneU+L4yEQ4jYKLtjpnPeUdK7h0yzXGmyBTypknlkCvHFBqfX9YlorEiMM6Dnq/5atfHkw==}
    engines: {node: '>=8'}
    dev: false

  /is-core-module@2.16.0:
    resolution: {integrity: sha512-urTSINYfAYgcbLb0yDQ6egFm6h3Mo1DcF9EkyXSRjjzdHbsulg01qhwWuXdOoUBuTkbQ80KDboXa0vFJ+BDH+g==}
    engines: {node: '>= 0.4'}
    dependencies:
      hasown: 2.0.2
    dev: false

  /is-fullwidth-code-point@3.0.0:
    resolution: {integrity: sha512-zymm5+u+sCsSWyD9qNaejV3DFvhCKclKdizYaJUuHA83RLjb7nSuGnddCHGv0hk+KY7BMAlsWeK4Ueg6EV6XQg==}
    engines: {node: '>=8'}
    dev: false

  /jju@1.4.0:
    resolution: {integrity: sha512-8wb9Yw966OSxApiCt0K3yNJL8pnNeIv+OEq2YMidz4FKP6nonSRoOXc80iXY4JaN2FC11B9qsNmDsm+ZOfMROA==}
    dev: false

  /jsonfile@4.0.0:
    resolution: {integrity: sha512-m6F1R3z8jjlf2imQHS2Qez5sjKWQzbuuhuJ/FKYFRZvPE3PuHcSMVZzfsLhGVOkfd20obL5SWEBew5ShlquNxg==}
    optionalDependencies:
      graceful-fs: 4.2.11
    dev: false

  /lodash.get@4.4.2:
    resolution: {integrity: sha512-z+Uw/vLuy6gQe8cfaFWD7p0wVv8fJl3mbzXh33RS+0oW2wvUqiRXiQ69gLWSLpgB5/6sU+r6BlQR0MBILadqTQ==}
    dev: false

  /lodash.isequal@4.5.0:
    resolution: {integrity: sha512-pDo3lu8Jhfjqls6GkMgpahsF9kCyayhgykjyLMNFTKWrpVdAQtYyB4muAMWozBB4ig/dtWAmsMxLEI8wuz+DYQ==}
    dev: false

  /lodash@4.17.21:
    resolution: {integrity: sha512-v2kDEe57lecTulaDIuNTPy3Ry4gLGJ6Z1O3vE1krgXZNrsQ+LFTGHVxVjcXPs17LhbZVGedAJv8XZ1tvj5FvSg==}
    dev: false

  /lru-cache@6.0.0:
    resolution: {integrity: sha512-Jo6dJ04CmSjuznwJSS3pUeWmd/H0ffTlkXXgwZi+eq1UCmqQwCh+eLsYOYCwY991i2Fah4h1BEMCx4qThGbsiA==}
    engines: {node: '>=10'}
    dependencies:
      yallist: 4.0.0
    dev: false

  /mime-db@1.52.0:
    resolution: {integrity: sha512-sPU4uV7dYlvtWJxwwxHD0PuihVNiE7TyAbQ5SWxDCB9mUYvOgroQOwYQQOKPJ8CIbE+1ETVlOoK1UC2nU3gYvg==}
    engines: {node: '>= 0.6'}
    dev: false

  /mime-types@2.1.35:
    resolution: {integrity: sha512-ZDY+bPm5zTTF+YpCrAU9nK0UgICYPT0QtT1NZWFv4s++TNkcgVaT0g6+4R2uI4MjQjzysHB1zxuWL50hzaeXiw==}
    engines: {node: '>= 0.6'}
    dependencies:
      mime-db: 1.52.0
    dev: false

  /path-parse@1.0.7:
    resolution: {integrity: sha512-LDJzPVEEEPR+y48z93A0Ed0yXb8pAByGWo/k5YYdYgpY2/2EsOsksJrq7lOHxryrVOn1ejG6oAp8ahvOIQD8sw==}
    dev: false

  /regenerator-runtime@0.14.1:
    resolution: {integrity: sha512-dYnhHh0nJoMfnkZs6GmmhFknAGRrLznOu5nc9ML+EJxGvrx6H7teuevqVqCuPcPK//3eDrrjQhehXVx9cnkGdw==}
    dev: false

  /require-directory@2.1.1:
    resolution: {integrity: sha512-fGxEI7+wsG9xrvdjsrlmL22OMTTiHRwAMroiEeMgq8gzoLC/PQr7RsRDSTLUg/bZAZtF+TVIkHc6/4RIKrui+Q==}
    engines: {node: '>=0.10.0'}
    dev: false

  /resolve@1.22.9:
    resolution: {integrity: sha512-QxrmX1DzraFIi9PxdG5VkRfRwIgjwyud+z/iBwfRRrVmHc+P9Q7u2lSSpQ6bjr2gy5lrqIiU9vb6iAeGf2400A==}
    hasBin: true
    dependencies:
      is-core-module: 2.16.0
      path-parse: 1.0.7
      supports-preserve-symlinks-flag: 1.0.0
    dev: false

  /rxjs@7.8.1:
    resolution: {integrity: sha512-AA3TVj+0A2iuIoQkWEK/tqFjBq2j+6PO6Y0zJcvzLAFhEFIO3HL0vls9hWLncZbAAbK0mar7oZ4V079I/qPMxg==}
    dependencies:
      tslib: 2.8.1
    dev: false

  /semver@7.5.4:
    resolution: {integrity: sha512-1bCSESV6Pv+i21Hvpxp3Dx+pSD8lIPt8uVjRrxAUt/nbswYc+tK6Y2btiULjd4+fnq15PX+nqQDC7Oft7WkwcA==}
    engines: {node: '>=10'}
    hasBin: true
    dependencies:
      lru-cache: 6.0.0
    dev: false

  /shell-quote@1.8.2:
    resolution: {integrity: sha512-AzqKpGKjrj7EM6rKVQEPpB288oCfnrEIuyoT9cyF4nmGa7V8Zk6f7RRqYisX8X9m+Q7bd632aZW4ky7EhbQztA==}
    engines: {node: '>= 0.4'}
    dev: false

  /spawn-command@0.0.2:
    resolution: {integrity: sha512-zC8zGoGkmc8J9ndvml8Xksr1Amk9qBujgbF0JAIWO7kXr43w0h/0GJNM/Vustixu+YE8N/MTrQ7N31FvHUACxQ==}
    dev: false

  /string-width@4.2.3:
    resolution: {integrity: sha512-wKyQRQpjJ0sIp62ErSZdGsjMJWsap5oRNihHhu6G7JVO/9jIB6UyevL+tXuOqrng8j/cxKTWyWUwvSTriiZz/g==}
    engines: {node: '>=8'}
    dependencies:
      emoji-regex: 8.0.0
      is-fullwidth-code-point: 3.0.0
      strip-ansi: 6.0.1
    dev: false

  /strip-ansi@6.0.1:
    resolution: {integrity: sha512-Y38VPSHcqkFrCpFnQ9vuSXmquuv5oXOKpGeT6aGrr3o3Gc9AlVa6JBfUSOCnbxGGZF+/0ooI7KrPuUSztUdU5A==}
    engines: {node: '>=8'}
    dependencies:
      ansi-regex: 5.0.1
    dev: false

  /supports-color@7.2.0:
    resolution: {integrity: sha512-qpCAvRl9stuOHveKsn7HncJRvv501qIacKzQlO/+Lwxc9+0q2wLyv4Dfvt80/DPn2pqOBsJdDiogXGR9+OvwRw==}
    engines: {node: '>=8'}
    dependencies:
      has-flag: 4.0.0
    dev: false

  /supports-color@8.1.1:
    resolution: {integrity: sha512-MpUEN2OodtUzxvKQl72cUF7RQ5EiHsGvSsVG0ia9c5RbWGL2CI4C7EpPS8UTBIplnlzZiNuV56w+FuNxy3ty2Q==}
    engines: {node: '>=10'}
    dependencies:
      has-flag: 4.0.0
    dev: false

  /supports-preserve-symlinks-flag@1.0.0:
    resolution: {integrity: sha512-ot0WnXS9fgdkgIcePe6RHNk1WA8+muPa6cSjeR3V8K27q9BB1rTE3R1p7Hv0z1ZyAc8s6Vvv8DIyWf681MAt0w==}
    engines: {node: '>= 0.4'}
    dev: false

  /tapable@2.2.1:
    resolution: {integrity: sha512-GNzQvQTOIP6RyTfE2Qxb8ZVlNmw0n88vp1szwWRimP02mnTsx3Wtn5qRdqY9w2XduFNUgvOwhNnQsjwCp+kqaQ==}
    engines: {node: '>=6'}
    dev: false

  /tree-kill@1.2.2:
    resolution: {integrity: sha512-L0Orpi8qGpRG//Nd+H90vFB+3iHnue1zSSGmNOOCh1GLJ7rUKVwV2HvijphGQS2UmhUZewS9VgvxYIdgr+fG1A==}
    hasBin: true
    dev: false

  /tslib@2.8.1:
    resolution: {integrity: sha512-oJFu94HQb+KVduSUQL7wnpmqnfmLsOA/nAh6b6EH0wCEoK0/mPeXU6c3wKDV83MkOuHPRHtSXKKU99IBazS/2w==}
    dev: false

  /undici-types@6.20.0:
    resolution: {integrity: sha512-Ny6QZ2Nju20vw1SRHe3d9jVu6gJ+4e3+MMpqu7pqE5HT6WsTSlce++GQmK5UXS8mzV8DSYHrQH+Xrf2jVcuKNg==}
    dev: false

  /universalify@0.1.2:
    resolution: {integrity: sha512-rBJeI5CXAlmy1pV+617WB9J63U6XcazHHF2f2dbJix4XzpUF0RS3Zbj0FGIOCAva5P/d/GBOYaACQ1w+0azUkg==}
    engines: {node: '>= 4.0.0'}
    dev: false

  /validator@13.12.0:
    resolution: {integrity: sha512-c1Q0mCiPlgdTVVVIJIrBuxNicYE+t/7oKeI9MWLj3fh/uq2Pxh/3eeWbVZ4OcGW1TUf53At0njHw5SMdA3tmMg==}
    engines: {node: '>= 0.10'}
    dev: false

  /wrap-ansi@7.0.0:
    resolution: {integrity: sha512-YVGIj2kamLSTxw6NsZjoBxfSwsn0ycdesmc4p+Q21c5zPuZ1pl+NfxVdxPtdHvmNVOQ6XSYG4AUtyt/Fi7D16Q==}
    engines: {node: '>=10'}
    dependencies:
      ansi-styles: 4.3.0
      string-width: 4.2.3
      strip-ansi: 6.0.1
    dev: false

  /y18n@5.0.8:
    resolution: {integrity: sha512-0pfFzegeDWJHJIAmTLRP2DwHjdF5s7jo9tuztdQxAhINCdvS+3nGINqPd00AphqJR/0LhANUS6/+7SCb98YOfA==}
    engines: {node: '>=10'}
    dev: false

  /yallist@4.0.0:
    resolution: {integrity: sha512-3wdGidZyq5PB084XLES5TpOSRA3wjXAlIWMhum2kRcv/41Sn2emQ0dycQW4uZXLejwKvg6EsvbdlVL+FYEct7A==}
    dev: false

  /yargs-parser@21.1.1:
    resolution: {integrity: sha512-tVpsJW7DdjecAiFpbIB1e3qxIQsE6NoPc5/eTdrbbIC4h0LVsWhnoa3g+m2HclBIujHzsxZ4VJVA+GUuc2/LBw==}
    engines: {node: '>=12'}
    dev: false

  /yargs@17.7.2:
    resolution: {integrity: sha512-7dSzzRQ++CKnNI/krKnYRV7JKKPUXMEh61soaHKg9mrWEhzFWhFnxPxGl+69cD1Ou63C13NUPCnmIcrvqCuM6w==}
    engines: {node: '>=12'}
    dependencies:
      cliui: 8.0.1
      escalade: 3.2.0
      get-caller-file: 2.0.5
      require-directory: 2.1.1
      string-width: 4.2.3
      y18n: 5.0.8
      yargs-parser: 21.1.1
    dev: false

  /z-schema@5.0.5:
    resolution: {integrity: sha512-D7eujBWkLa3p2sIpJA0d1pr7es+a7m0vFAnZLlCEKq/Ij2k0MLi9Br2UPxoxdYystm5K1yeBGzub0FlYUEWj2Q==}
    engines: {node: '>=8.0.0'}
    hasBin: true
    dependencies:
      lodash.get: 4.4.2
      lodash.isequal: 4.5.0
      validator: 13.12.0
    optionalDependencies:
      commander: 9.5.0
    dev: false
